
Microsoft Visual Studio Solution File, Format Version 12.00
# Visual Studio Version 17
VisualStudioVersion = 17.11.35312.102
MinimumVisualStudioVersion = 10.0.40219.1
Project("{FAE04EC0-301F-11D3-BF4B-00C04F79EFBC}") = "FacialRecognition", "FacialRecognition.csproj", "{73D32E58-AF9C-4A8B-B674-DC5477BB111B}"
EndProject
Global
	GlobalSection(SolutionConfigurationPlatforms) = preSolution
		Debug|Any CPU = Debug|Any CPU
		Release|Any CPU = Release|Any CPU
	EndGlobalSection
	GlobalSection(ProjectConfigurationPlatforms) = postSolution
		{73D32E58-AF9C-4A8B-B674-DC5477BB111B}.Debug|Any CPU.ActiveCfg = Debug|Any CPU
		{73D32E58-AF9C-4A8B-B674-DC5477BB111B}.Debug|Any CPU.Build.0 = Debug|Any CPU
		{73D32E58-AF9C-4A8B-B674-DC5477BB111B}.Release|Any CPU.ActiveCfg = Release|Any CPU
		{73D32E58-AF9C-4A8B-B674-DC5477BB111B}.Release|Any CPU.Build.0 = Release|Any CPU
	EndGlobalSection
	GlobalSection(SolutionProperties) = preSolution
		HideSolutionNode = FALSE
	EndGlobalSection
	GlobalSection(ExtensibilityGlobals) = postSolution
		SolutionGuid = {F1691581-9D78-4421-A74C-FAA0AF31BE40}
	EndGlobalSection
EndGlobal
