
Microsoft Visual Studio Solution File, Format Version 12.00
# Visual Studio Version 17
VisualStudioVersion = 17.11.35312.102
MinimumVisualStudioVersion = 10.0.40219.1
Project("{FAE04EC0-301F-11D3-BF4B-00C04F79EFBC}") = "FacialRecognition", "FacialRecognition.csproj", "{73D32E58-AF9C-4A8B-B674-DC5477BB111B}"
EndProject
Project("{C7167F0D-BC9F-4E6E-AFE1-012C56B48DB5}") = "FaceRecognitionPackage", "FaceRecognitionPackage\FaceRecognitionPackage.wapproj", "{4209F20D-327F-4362-9CFB-02ECDC6D65EC}"
EndProject
Global
	GlobalSection(SolutionConfigurationPlatforms) = preSolution
		Debug|Any CPU = Debug|Any CPU
		Debug|ARM = Debug|ARM
		Debug|ARM64 = Debug|ARM64
		Debug|x64 = Debug|x64
		Debug|x86 = Debug|x86
		Release|Any CPU = Release|Any CPU
		Release|ARM = Release|ARM
		Release|ARM64 = Release|ARM64
		Release|x64 = Release|x64
		Release|x86 = Release|x86
	EndGlobalSection
	GlobalSection(ProjectConfigurationPlatforms) = postSolution
		{73D32E58-AF9C-4A8B-B674-DC5477BB111B}.Debug|Any CPU.ActiveCfg = Debug|Any CPU
		{73D32E58-AF9C-4A8B-B674-DC5477BB111B}.Debug|Any CPU.Build.0 = Debug|Any CPU
		{73D32E58-AF9C-4A8B-B674-DC5477BB111B}.Debug|ARM.ActiveCfg = Debug|Any CPU
		{73D32E58-AF9C-4A8B-B674-DC5477BB111B}.Debug|ARM.Build.0 = Debug|Any CPU
		{73D32E58-AF9C-4A8B-B674-DC5477BB111B}.Debug|ARM64.ActiveCfg = Debug|Any CPU
		{73D32E58-AF9C-4A8B-B674-DC5477BB111B}.Debug|ARM64.Build.0 = Debug|Any CPU
		{73D32E58-AF9C-4A8B-B674-DC5477BB111B}.Debug|x64.ActiveCfg = Debug|Any CPU
		{73D32E58-AF9C-4A8B-B674-DC5477BB111B}.Debug|x64.Build.0 = Debug|Any CPU
		{73D32E58-AF9C-4A8B-B674-DC5477BB111B}.Debug|x86.ActiveCfg = Debug|Any CPU
		{73D32E58-AF9C-4A8B-B674-DC5477BB111B}.Debug|x86.Build.0 = Debug|Any CPU
		{73D32E58-AF9C-4A8B-B674-DC5477BB111B}.Release|Any CPU.ActiveCfg = Release|Any CPU
		{73D32E58-AF9C-4A8B-B674-DC5477BB111B}.Release|Any CPU.Build.0 = Release|Any CPU
		{73D32E58-AF9C-4A8B-B674-DC5477BB111B}.Release|ARM.ActiveCfg = Release|Any CPU
		{73D32E58-AF9C-4A8B-B674-DC5477BB111B}.Release|ARM.Build.0 = Release|Any CPU
		{73D32E58-AF9C-4A8B-B674-DC5477BB111B}.Release|ARM64.ActiveCfg = Release|Any CPU
		{73D32E58-AF9C-4A8B-B674-DC5477BB111B}.Release|ARM64.Build.0 = Release|Any CPU
		{73D32E58-AF9C-4A8B-B674-DC5477BB111B}.Release|x64.ActiveCfg = Release|Any CPU
		{73D32E58-AF9C-4A8B-B674-DC5477BB111B}.Release|x64.Build.0 = Release|Any CPU
		{73D32E58-AF9C-4A8B-B674-DC5477BB111B}.Release|x86.ActiveCfg = Release|Any CPU
		{73D32E58-AF9C-4A8B-B674-DC5477BB111B}.Release|x86.Build.0 = Release|Any CPU
		{4209F20D-327F-4362-9CFB-02ECDC6D65EC}.Debug|Any CPU.ActiveCfg = Debug|Any CPU
		{4209F20D-327F-4362-9CFB-02ECDC6D65EC}.Debug|Any CPU.Build.0 = Debug|Any CPU
		{4209F20D-327F-4362-9CFB-02ECDC6D65EC}.Debug|ARM.ActiveCfg = Debug|ARM
		{4209F20D-327F-4362-9CFB-02ECDC6D65EC}.Debug|ARM.Build.0 = Debug|ARM
		{4209F20D-327F-4362-9CFB-02ECDC6D65EC}.Debug|ARM.Deploy.0 = Debug|ARM
		{4209F20D-327F-4362-9CFB-02ECDC6D65EC}.Debug|ARM64.ActiveCfg = Debug|ARM64
		{4209F20D-327F-4362-9CFB-02ECDC6D65EC}.Debug|ARM64.Build.0 = Debug|ARM64
		{4209F20D-327F-4362-9CFB-02ECDC6D65EC}.Debug|ARM64.Deploy.0 = Debug|ARM64
		{4209F20D-327F-4362-9CFB-02ECDC6D65EC}.Debug|x64.ActiveCfg = Debug|x64
		{4209F20D-327F-4362-9CFB-02ECDC6D65EC}.Debug|x64.Build.0 = Debug|x64
		{4209F20D-327F-4362-9CFB-02ECDC6D65EC}.Debug|x64.Deploy.0 = Debug|x64
		{4209F20D-327F-4362-9CFB-02ECDC6D65EC}.Debug|x86.ActiveCfg = Debug|x86
		{4209F20D-327F-4362-9CFB-02ECDC6D65EC}.Debug|x86.Build.0 = Debug|x86
		{4209F20D-327F-4362-9CFB-02ECDC6D65EC}.Debug|x86.Deploy.0 = Debug|x86
		{4209F20D-327F-4362-9CFB-02ECDC6D65EC}.Release|Any CPU.ActiveCfg = Release|Any CPU
		{4209F20D-327F-4362-9CFB-02ECDC6D65EC}.Release|Any CPU.Build.0 = Release|Any CPU
		{4209F20D-327F-4362-9CFB-02ECDC6D65EC}.Release|Any CPU.Deploy.0 = Release|Any CPU
		{4209F20D-327F-4362-9CFB-02ECDC6D65EC}.Release|ARM.ActiveCfg = Release|ARM
		{4209F20D-327F-4362-9CFB-02ECDC6D65EC}.Release|ARM.Build.0 = Release|ARM
		{4209F20D-327F-4362-9CFB-02ECDC6D65EC}.Release|ARM.Deploy.0 = Release|ARM
		{4209F20D-327F-4362-9CFB-02ECDC6D65EC}.Release|ARM64.ActiveCfg = Release|ARM64
		{4209F20D-327F-4362-9CFB-02ECDC6D65EC}.Release|ARM64.Build.0 = Release|ARM64
		{4209F20D-327F-4362-9CFB-02ECDC6D65EC}.Release|ARM64.Deploy.0 = Release|ARM64
		{4209F20D-327F-4362-9CFB-02ECDC6D65EC}.Release|x64.ActiveCfg = Release|x64
		{4209F20D-327F-4362-9CFB-02ECDC6D65EC}.Release|x64.Build.0 = Release|x64
		{4209F20D-327F-4362-9CFB-02ECDC6D65EC}.Release|x64.Deploy.0 = Release|x64
		{4209F20D-327F-4362-9CFB-02ECDC6D65EC}.Release|x86.ActiveCfg = Release|x86
		{4209F20D-327F-4362-9CFB-02ECDC6D65EC}.Release|x86.Build.0 = Release|x86
		{4209F20D-327F-4362-9CFB-02ECDC6D65EC}.Release|x86.Deploy.0 = Release|x86
	EndGlobalSection
	GlobalSection(SolutionProperties) = preSolution
		HideSolutionNode = FALSE
	EndGlobalSection
	GlobalSection(ExtensibilityGlobals) = postSolution
		SolutionGuid = {F1691581-9D78-4421-A74C-FAA0AF31BE40}
	EndGlobalSection
EndGlobal
